
Microsoft Visual Studio Solution File, Format Version 12.00
# Visual Studio Version 17
VisualStudioVersion = 17.2.32526.322
MinimumVisualStudioVersion = 10.0.40219.1
Project("{9A19103F-16F7-4668-BE54-9A1E7A4F7556}") = "SlotMachine.API", "SlotMachine.API\SlotMachine.API.csproj", "{9227B1CB-3CB2-4872-B2BC-39A79AF99B70}"
EndProject
Project("{9A19103F-16F7-4668-BE54-9A1E7A4F7556}") = "SlotMachine.Test", "SlotMachine.Test\SlotMachine.Test.csproj", "{EE70798C-07DD-4160-AFBD-5331CD4EE48F}"
EndProject
Project("{2150E333-8FDC-42A3-9474-1A3956D46DE8}") = "Solution Items", "Solution Items", "{ABB89506-B2D8-40C3-AFAE-7AA1FF730773}"
	ProjectSection(SolutionItems) = preProject
		ReadMe.txt = ReadMe.txt
	EndProjectSection
EndProject
Project("{FAE04EC0-301F-11D3-BF4B-00C04F79EFBC}") = "Lock.API", "Lock.API\Lock.API.csproj", "{E66E6294-967E-4F4D-AB91-3DDEF85755C0}"
EndProject
Global
	GlobalSection(SolutionConfigurationPlatforms) = preSolution
		Debug|Any CPU = Debug|Any CPU
		Release|Any CPU = Release|Any CPU
	EndGlobalSection
	GlobalSection(ProjectConfigurationPlatforms) = postSolution
		{9227B1CB-3CB2-4872-B2BC-39A79AF99B70}.Debug|Any CPU.ActiveCfg = Debug|Any CPU
		{9227B1CB-3CB2-4872-B2BC-39A79AF99B70}.Debug|Any CPU.Build.0 = Debug|Any CPU
		{9227B1CB-3CB2-4872-B2BC-39A79AF99B70}.Release|Any CPU.ActiveCfg = Release|Any CPU
		{9227B1CB-3CB2-4872-B2BC-39A79AF99B70}.Release|Any CPU.Build.0 = Release|Any CPU
		{EE70798C-07DD-4160-AFBD-5331CD4EE48F}.Debug|Any CPU.ActiveCfg = Debug|Any CPU
		{EE70798C-07DD-4160-AFBD-5331CD4EE48F}.Debug|Any CPU.Build.0 = Debug|Any CPU
		{EE70798C-07DD-4160-AFBD-5331CD4EE48F}.Release|Any CPU.ActiveCfg = Release|Any CPU
		{EE70798C-07DD-4160-AFBD-5331CD4EE48F}.Release|Any CPU.Build.0 = Release|Any CPU
		{E66E6294-967E-4F4D-AB91-3DDEF85755C0}.Debug|Any CPU.ActiveCfg = Debug|Any CPU
		{E66E6294-967E-4F4D-AB91-3DDEF85755C0}.Debug|Any CPU.Build.0 = Debug|Any CPU
		{E66E6294-967E-4F4D-AB91-3DDEF85755C0}.Release|Any CPU.ActiveCfg = Release|Any CPU
		{E66E6294-967E-4F4D-AB91-3DDEF85755C0}.Release|Any CPU.Build.0 = Release|Any CPU
	EndGlobalSection
	GlobalSection(SolutionProperties) = preSolution
		HideSolutionNode = FALSE
	EndGlobalSection
	GlobalSection(ExtensibilityGlobals) = postSolution
		SolutionGuid = {FFD3B415-20DD-434A-8DF6-9A85443E5A7B}
	EndGlobalSection
EndGlobal
